
Microsoft Visual Studio Solution File, Format Version 12.00
# Visual Studio Version 17
VisualStudioVersion = 17.11.35222.181
MinimumVisualStudioVersion = 10.0.40219.1
Project("{888888A0-9F3D-457C-B088-3A5042F75D52}") = "isithalloween", "isithalloween\isithalloween.pyproj", "{D8FF81D3-70BA-4A29-9233-76FE40CD7711}"
EndProject
Global
	GlobalSection(SolutionConfigurationPlatforms) = preSolution
		Debug|Any CPU = Debug|Any CPU
		Release|Any CPU = Release|Any CPU
	EndGlobalSection
	GlobalSection(ProjectConfigurationPlatforms) = postSolution
		{D8FF81D3-70BA-4A29-9233-76FE40CD7711}.Debug|Any CPU.ActiveCfg = Debug|Any CPU
		{D8FF81D3-70BA-4A29-9233-76FE40CD7711}.Release|Any CPU.ActiveCfg = Release|Any CPU
	EndGlobalSection
	GlobalSection(SolutionProperties) = preSolution
		HideSolutionNode = FALSE
	EndGlobalSection
	GlobalSection(ExtensibilityGlobals) = postSolution
		SolutionGuid = {A2254D86-D4E5-47B1-BB4B-1F518384A88F}
	EndGlobalSection
EndGlobal
