
Microsoft Visual Studio Solution File, Format Version 12.00
# Visual Studio Version 17
VisualStudioVersion = 17.9.34622.214
MinimumVisualStudioVersion = 10.0.40219.1
Project("{FAE04EC0-301F-11D3-BF4B-00C04F79EFBC}") = "tilhamingju", "tilhamingju\tilhamingju.csproj", "{BA2047A6-3244-400D-8386-0089F7DD2170}"
EndProject
Global
	GlobalSection(SolutionConfigurationPlatforms) = preSolution
		Debug|Any CPU = Debug|Any CPU
		Release|Any CPU = Release|Any CPU
	EndGlobalSection
	GlobalSection(ProjectConfigurationPlatforms) = postSolution
		{BA2047A6-3244-400D-8386-0089F7DD2170}.Debug|Any CPU.ActiveCfg = Debug|Any CPU
		{BA2047A6-3244-400D-8386-0089F7DD2170}.Debug|Any CPU.Build.0 = Debug|Any CPU
		{BA2047A6-3244-400D-8386-0089F7DD2170}.Release|Any CPU.ActiveCfg = Release|Any CPU
		{BA2047A6-3244-400D-8386-0089F7DD2170}.Release|Any CPU.Build.0 = Release|Any CPU
	EndGlobalSection
	GlobalSection(SolutionProperties) = preSolution
		HideSolutionNode = FALSE
	EndGlobalSection
	GlobalSection(ExtensibilityGlobals) = postSolution
		SolutionGuid = {B09981C1-4358-417A-8D84-F3F7C3672353}
	EndGlobalSection
EndGlobal
