
Microsoft Visual Studio Solution File, Format Version 12.00
# Visual Studio Version 17
VisualStudioVersion = 17.8.34316.72
MinimumVisualStudioVersion = 10.0.40219.1
Project("{FAE04EC0-301F-11D3-BF4B-00C04F79EFBC}") = "helloworld", "helloworld\helloworld.csproj", "{91DCD7C3-6E03-4F70-AA56-57ECCE5D200B}"
EndProject
Global
	GlobalSection(SolutionConfigurationPlatforms) = preSolution
		Debug|Any CPU = Debug|Any CPU
		Release|Any CPU = Release|Any CPU
	EndGlobalSection
	GlobalSection(ProjectConfigurationPlatforms) = postSolution
		{91DCD7C3-6E03-4F70-AA56-57ECCE5D200B}.Debug|Any CPU.ActiveCfg = Debug|Any CPU
		{91DCD7C3-6E03-4F70-AA56-57ECCE5D200B}.Debug|Any CPU.Build.0 = Debug|Any CPU
		{91DCD7C3-6E03-4F70-AA56-57ECCE5D200B}.Release|Any CPU.ActiveCfg = Release|Any CPU
		{91DCD7C3-6E03-4F70-AA56-57ECCE5D200B}.Release|Any CPU.Build.0 = Release|Any CPU
	EndGlobalSection
	GlobalSection(SolutionProperties) = preSolution
		HideSolutionNode = FALSE
	EndGlobalSection
	GlobalSection(ExtensibilityGlobals) = postSolution
		SolutionGuid = {EA1CAF43-2096-4121-845E-6B2C3D943840}
	EndGlobalSection
EndGlobal
