
Microsoft Visual Studio Solution File, Format Version 12.00
# Visual Studio Version 17
VisualStudioVersion = 17.9.34622.214
MinimumVisualStudioVersion = 10.0.40219.1
Project("{FAE04EC0-301F-11D3-BF4B-00C04F79EFBC}") = "fyi", "fyi\fyi.csproj", "{7AC70175-0E46-4D62-BD63-6953BDE54C70}"
EndProject
Global
	GlobalSection(SolutionConfigurationPlatforms) = preSolution
		Debug|Any CPU = Debug|Any CPU
		Release|Any CPU = Release|Any CPU
	EndGlobalSection
	GlobalSection(ProjectConfigurationPlatforms) = postSolution
		{7AC70175-0E46-4D62-BD63-6953BDE54C70}.Debug|Any CPU.ActiveCfg = Debug|Any CPU
		{7AC70175-0E46-4D62-BD63-6953BDE54C70}.Debug|Any CPU.Build.0 = Debug|Any CPU
		{7AC70175-0E46-4D62-BD63-6953BDE54C70}.Release|Any CPU.ActiveCfg = Release|Any CPU
		{7AC70175-0E46-4D62-BD63-6953BDE54C70}.Release|Any CPU.Build.0 = Release|Any CPU
	EndGlobalSection
	GlobalSection(SolutionProperties) = preSolution
		HideSolutionNode = FALSE
	EndGlobalSection
	GlobalSection(ExtensibilityGlobals) = postSolution
		SolutionGuid = {83585943-3986-4BC9-9A37-57CCFB885F54}
	EndGlobalSection
EndGlobal
