
Microsoft Visual Studio Solution File, Format Version 12.00
# Visual Studio Version 17
VisualStudioVersion = 17.8.34316.72
MinimumVisualStudioVersion = 10.0.40219.1
Project("{FAE04EC0-301F-11D3-BF4B-00C04F79EFBC}") = "fifa", "fifa\fifa.csproj", "{CC8DCF16-C94F-47D8-9D25-51FCDDF0EDE3}"
EndProject
Global
	GlobalSection(SolutionConfigurationPlatforms) = preSolution
		Debug|Any CPU = Debug|Any CPU
		Release|Any CPU = Release|Any CPU
	EndGlobalSection
	GlobalSection(ProjectConfigurationPlatforms) = postSolution
		{CC8DCF16-C94F-47D8-9D25-51FCDDF0EDE3}.Debug|Any CPU.ActiveCfg = Debug|Any CPU
		{CC8DCF16-C94F-47D8-9D25-51FCDDF0EDE3}.Debug|Any CPU.Build.0 = Debug|Any CPU
		{CC8DCF16-C94F-47D8-9D25-51FCDDF0EDE3}.Release|Any CPU.ActiveCfg = Release|Any CPU
		{CC8DCF16-C94F-47D8-9D25-51FCDDF0EDE3}.Release|Any CPU.Build.0 = Release|Any CPU
	EndGlobalSection
	GlobalSection(SolutionProperties) = preSolution
		HideSolutionNode = FALSE
	EndGlobalSection
	GlobalSection(ExtensibilityGlobals) = postSolution
		SolutionGuid = {CCC00C31-E3F3-4347-8165-21E7F68F2C9C}
	EndGlobalSection
EndGlobal
