
Microsoft Visual Studio Solution File, Format Version 12.00
# Visual Studio Version 17
VisualStudioVersion = 17.9.34622.214
MinimumVisualStudioVersion = 10.0.40219.1
Project("{FAE04EC0-301F-11D3-BF4B-00C04F79EFBC}") = "simon", "simon\simon.csproj", "{CED68F14-496C-48E1-9515-CF2DD76DF85A}"
EndProject
Global
	GlobalSection(SolutionConfigurationPlatforms) = preSolution
		Debug|Any CPU = Debug|Any CPU
		Release|Any CPU = Release|Any CPU
	EndGlobalSection
	GlobalSection(ProjectConfigurationPlatforms) = postSolution
		{CED68F14-496C-48E1-9515-CF2DD76DF85A}.Debug|Any CPU.ActiveCfg = Debug|Any CPU
		{CED68F14-496C-48E1-9515-CF2DD76DF85A}.Debug|Any CPU.Build.0 = Debug|Any CPU
		{CED68F14-496C-48E1-9515-CF2DD76DF85A}.Release|Any CPU.ActiveCfg = Release|Any CPU
		{CED68F14-496C-48E1-9515-CF2DD76DF85A}.Release|Any CPU.Build.0 = Release|Any CPU
	EndGlobalSection
	GlobalSection(SolutionProperties) = preSolution
		HideSolutionNode = FALSE
	EndGlobalSection
	GlobalSection(ExtensibilityGlobals) = postSolution
		SolutionGuid = {2F35DB13-20DE-4108-AA9F-F281F7796EC1}
	EndGlobalSection
EndGlobal
