
Microsoft Visual Studio Solution File, Format Version 12.00
# Visual Studio Version 17
VisualStudioVersion = 17.8.34316.72
MinimumVisualStudioVersion = 10.0.40219.1
Project("{FAE04EC0-301F-11D3-BF4B-00C04F79EFBC}") = "arrangement", "arrangement\arrangement.csproj", "{CBB7D8E5-5EAC-48D0-9911-2754248DD0BB}"
EndProject
Global
	GlobalSection(SolutionConfigurationPlatforms) = preSolution
		Debug|Any CPU = Debug|Any CPU
		Release|Any CPU = Release|Any CPU
	EndGlobalSection
	GlobalSection(ProjectConfigurationPlatforms) = postSolution
		{CBB7D8E5-5EAC-48D0-9911-2754248DD0BB}.Debug|Any CPU.ActiveCfg = Debug|Any CPU
		{CBB7D8E5-5EAC-48D0-9911-2754248DD0BB}.Debug|Any CPU.Build.0 = Debug|Any CPU
		{CBB7D8E5-5EAC-48D0-9911-2754248DD0BB}.Release|Any CPU.ActiveCfg = Release|Any CPU
		{CBB7D8E5-5EAC-48D0-9911-2754248DD0BB}.Release|Any CPU.Build.0 = Release|Any CPU
	EndGlobalSection
	GlobalSection(SolutionProperties) = preSolution
		HideSolutionNode = FALSE
	EndGlobalSection
	GlobalSection(ExtensibilityGlobals) = postSolution
		SolutionGuid = {A92B6582-9C6C-46B9-8204-BB66314FAA78}
	EndGlobalSection
EndGlobal
