
Microsoft Visual Studio Solution File, Format Version 12.00
# Visual Studio Version 17
VisualStudioVersion = 17.9.34622.214
MinimumVisualStudioVersion = 10.0.40219.1
Project("{FAE04EC0-301F-11D3-BF4B-00C04F79EFBC}") = "skruop", "skruop\skruop.csproj", "{0574DAA0-ACF8-4B61-9781-DD0B3A47B0A9}"
EndProject
Global
	GlobalSection(SolutionConfigurationPlatforms) = preSolution
		Debug|Any CPU = Debug|Any CPU
		Release|Any CPU = Release|Any CPU
	EndGlobalSection
	GlobalSection(ProjectConfigurationPlatforms) = postSolution
		{0574DAA0-ACF8-4B61-9781-DD0B3A47B0A9}.Debug|Any CPU.ActiveCfg = Debug|Any CPU
		{0574DAA0-ACF8-4B61-9781-DD0B3A47B0A9}.Debug|Any CPU.Build.0 = Debug|Any CPU
		{0574DAA0-ACF8-4B61-9781-DD0B3A47B0A9}.Release|Any CPU.ActiveCfg = Release|Any CPU
		{0574DAA0-ACF8-4B61-9781-DD0B3A47B0A9}.Release|Any CPU.Build.0 = Release|Any CPU
	EndGlobalSection
	GlobalSection(SolutionProperties) = preSolution
		HideSolutionNode = FALSE
	EndGlobalSection
	GlobalSection(ExtensibilityGlobals) = postSolution
		SolutionGuid = {DDF4405C-7066-4A9D-88AC-CDC3139E7D98}
	EndGlobalSection
EndGlobal
