
Microsoft Visual Studio Solution File, Format Version 12.00
# Visual Studio Version 17
VisualStudioVersion = 17.8.34316.72
MinimumVisualStudioVersion = 10.0.40219.1
Project("{FAE04EC0-301F-11D3-BF4B-00C04F79EFBC}") = "timeloop", "timeloop\timeloop.csproj", "{76A84140-B6D2-4DF5-8DF3-E843C252C346}"
EndProject
Global
	GlobalSection(SolutionConfigurationPlatforms) = preSolution
		Debug|Any CPU = Debug|Any CPU
		Release|Any CPU = Release|Any CPU
	EndGlobalSection
	GlobalSection(ProjectConfigurationPlatforms) = postSolution
		{76A84140-B6D2-4DF5-8DF3-E843C252C346}.Debug|Any CPU.ActiveCfg = Debug|Any CPU
		{76A84140-B6D2-4DF5-8DF3-E843C252C346}.Debug|Any CPU.Build.0 = Debug|Any CPU
		{76A84140-B6D2-4DF5-8DF3-E843C252C346}.Release|Any CPU.ActiveCfg = Release|Any CPU
		{76A84140-B6D2-4DF5-8DF3-E843C252C346}.Release|Any CPU.Build.0 = Release|Any CPU
	EndGlobalSection
	GlobalSection(SolutionProperties) = preSolution
		HideSolutionNode = FALSE
	EndGlobalSection
	GlobalSection(ExtensibilityGlobals) = postSolution
		SolutionGuid = {36E8B814-45B7-41FD-B0F2-899F32160178}
	EndGlobalSection
EndGlobal
