
Microsoft Visual Studio Solution File, Format Version 12.00
# Visual Studio Version 17
VisualStudioVersion = 17.9.34622.214
MinimumVisualStudioVersion = 10.0.40219.1
Project("{FAE04EC0-301F-11D3-BF4B-00C04F79EFBC}") = "fjoldibokstafa", "fjoldibokstafa\fjoldibokstafa.csproj", "{290B8296-145E-46C2-86C5-32A902542019}"
EndProject
Global
	GlobalSection(SolutionConfigurationPlatforms) = preSolution
		Debug|Any CPU = Debug|Any CPU
		Release|Any CPU = Release|Any CPU
	EndGlobalSection
	GlobalSection(ProjectConfigurationPlatforms) = postSolution
		{290B8296-145E-46C2-86C5-32A902542019}.Debug|Any CPU.ActiveCfg = Debug|Any CPU
		{290B8296-145E-46C2-86C5-32A902542019}.Debug|Any CPU.Build.0 = Debug|Any CPU
		{290B8296-145E-46C2-86C5-32A902542019}.Release|Any CPU.ActiveCfg = Release|Any CPU
		{290B8296-145E-46C2-86C5-32A902542019}.Release|Any CPU.Build.0 = Release|Any CPU
	EndGlobalSection
	GlobalSection(SolutionProperties) = preSolution
		HideSolutionNode = FALSE
	EndGlobalSection
	GlobalSection(ExtensibilityGlobals) = postSolution
		SolutionGuid = {77B62C46-BEE4-4611-9EE5-4451F2F23110}
	EndGlobalSection
EndGlobal
