
Microsoft Visual Studio Solution File, Format Version 12.00
# Visual Studio Version 17
VisualStudioVersion = 17.9.34622.214
MinimumVisualStudioVersion = 10.0.40219.1
Project("{FAE04EC0-301F-11D3-BF4B-00C04F79EFBC}") = "busskortet", "busskortet\busskortet.csproj", "{09492806-D33B-4A21-A584-1F5AC5D35F84}"
EndProject
Global
	GlobalSection(SolutionConfigurationPlatforms) = preSolution
		Debug|Any CPU = Debug|Any CPU
		Release|Any CPU = Release|Any CPU
	EndGlobalSection
	GlobalSection(ProjectConfigurationPlatforms) = postSolution
		{09492806-D33B-4A21-A584-1F5AC5D35F84}.Debug|Any CPU.ActiveCfg = Debug|Any CPU
		{09492806-D33B-4A21-A584-1F5AC5D35F84}.Debug|Any CPU.Build.0 = Debug|Any CPU
		{09492806-D33B-4A21-A584-1F5AC5D35F84}.Release|Any CPU.ActiveCfg = Release|Any CPU
		{09492806-D33B-4A21-A584-1F5AC5D35F84}.Release|Any CPU.Build.0 = Release|Any CPU
	EndGlobalSection
	GlobalSection(SolutionProperties) = preSolution
		HideSolutionNode = FALSE
	EndGlobalSection
	GlobalSection(ExtensibilityGlobals) = postSolution
		SolutionGuid = {123C0123-0E7D-4C61-9515-F78314CA7BB3}
	EndGlobalSection
EndGlobal
