
Microsoft Visual Studio Solution File, Format Version 12.00
# Visual Studio Version 17
VisualStudioVersion = 17.9.34622.214
MinimumVisualStudioVersion = 10.0.40219.1
Project("{FAE04EC0-301F-11D3-BF4B-00C04F79EFBC}") = "challenge 2", "challenge 2\challenge 2.csproj", "{FB08071A-7170-43C4-B58A-9C0A01D59F62}"
EndProject
Global
	GlobalSection(SolutionConfigurationPlatforms) = preSolution
		Debug|Any CPU = Debug|Any CPU
		Release|Any CPU = Release|Any CPU
	EndGlobalSection
	GlobalSection(ProjectConfigurationPlatforms) = postSolution
		{FB08071A-7170-43C4-B58A-9C0A01D59F62}.Debug|Any CPU.ActiveCfg = Debug|Any CPU
		{FB08071A-7170-43C4-B58A-9C0A01D59F62}.Debug|Any CPU.Build.0 = Debug|Any CPU
		{FB08071A-7170-43C4-B58A-9C0A01D59F62}.Release|Any CPU.ActiveCfg = Release|Any CPU
		{FB08071A-7170-43C4-B58A-9C0A01D59F62}.Release|Any CPU.Build.0 = Release|Any CPU
	EndGlobalSection
	GlobalSection(SolutionProperties) = preSolution
		HideSolutionNode = FALSE
	EndGlobalSection
	GlobalSection(ExtensibilityGlobals) = postSolution
		SolutionGuid = {F10E45CB-CBE4-4EDC-A138-275D658CA630}
	EndGlobalSection
EndGlobal
