
Microsoft Visual Studio Solution File, Format Version 12.00
# Visual Studio Version 17
VisualStudioVersion = 17.8.34316.72
MinimumVisualStudioVersion = 10.0.40219.1
Project("{FAE04EC0-301F-11D3-BF4B-00C04F79EFBC}") = "millifaersla", "millifaersla\millifaersla.csproj", "{2D96D59C-BCBA-40AA-AE5C-1B688715663D}"
EndProject
Global
	GlobalSection(SolutionConfigurationPlatforms) = preSolution
		Debug|Any CPU = Debug|Any CPU
		Release|Any CPU = Release|Any CPU
	EndGlobalSection
	GlobalSection(ProjectConfigurationPlatforms) = postSolution
		{2D96D59C-BCBA-40AA-AE5C-1B688715663D}.Debug|Any CPU.ActiveCfg = Debug|Any CPU
		{2D96D59C-BCBA-40AA-AE5C-1B688715663D}.Debug|Any CPU.Build.0 = Debug|Any CPU
		{2D96D59C-BCBA-40AA-AE5C-1B688715663D}.Release|Any CPU.ActiveCfg = Release|Any CPU
		{2D96D59C-BCBA-40AA-AE5C-1B688715663D}.Release|Any CPU.Build.0 = Release|Any CPU
	EndGlobalSection
	GlobalSection(SolutionProperties) = preSolution
		HideSolutionNode = FALSE
	EndGlobalSection
	GlobalSection(ExtensibilityGlobals) = postSolution
		SolutionGuid = {1C8371A3-178B-43F1-B440-01C21656BFF5}
	EndGlobalSection
EndGlobal
