
Microsoft Visual Studio Solution File, Format Version 12.00
# Visual Studio Version 17
VisualStudioVersion = 17.8.34316.72
MinimumVisualStudioVersion = 10.0.40219.1
Project("{FAE04EC0-301F-11D3-BF4B-00C04F79EFBC}") = "hissing", "hissing\hissing.csproj", "{3EE5BE23-38F1-4648-82DD-CA5520A05B1B}"
EndProject
Global
	GlobalSection(SolutionConfigurationPlatforms) = preSolution
		Debug|Any CPU = Debug|Any CPU
		Release|Any CPU = Release|Any CPU
	EndGlobalSection
	GlobalSection(ProjectConfigurationPlatforms) = postSolution
		{3EE5BE23-38F1-4648-82DD-CA5520A05B1B}.Debug|Any CPU.ActiveCfg = Debug|Any CPU
		{3EE5BE23-38F1-4648-82DD-CA5520A05B1B}.Debug|Any CPU.Build.0 = Debug|Any CPU
		{3EE5BE23-38F1-4648-82DD-CA5520A05B1B}.Release|Any CPU.ActiveCfg = Release|Any CPU
		{3EE5BE23-38F1-4648-82DD-CA5520A05B1B}.Release|Any CPU.Build.0 = Release|Any CPU
	EndGlobalSection
	GlobalSection(SolutionProperties) = preSolution
		HideSolutionNode = FALSE
	EndGlobalSection
	GlobalSection(ExtensibilityGlobals) = postSolution
		SolutionGuid = {12F647D3-1D97-4B8A-ACFC-022AA36838ED}
	EndGlobalSection
EndGlobal
