
Microsoft Visual Studio Solution File, Format Version 12.00
# Visual Studio Version 17
VisualStudioVersion = 17.9.34622.214
MinimumVisualStudioVersion = 10.0.40219.1
Project("{FAE04EC0-301F-11D3-BF4B-00C04F79EFBC}") = "bergmal", "bergmal\bergmal.csproj", "{779DB5DF-3632-4F82-835C-393D4063750B}"
EndProject
Global
	GlobalSection(SolutionConfigurationPlatforms) = preSolution
		Debug|Any CPU = Debug|Any CPU
		Release|Any CPU = Release|Any CPU
	EndGlobalSection
	GlobalSection(ProjectConfigurationPlatforms) = postSolution
		{779DB5DF-3632-4F82-835C-393D4063750B}.Debug|Any CPU.ActiveCfg = Debug|Any CPU
		{779DB5DF-3632-4F82-835C-393D4063750B}.Debug|Any CPU.Build.0 = Debug|Any CPU
		{779DB5DF-3632-4F82-835C-393D4063750B}.Release|Any CPU.ActiveCfg = Release|Any CPU
		{779DB5DF-3632-4F82-835C-393D4063750B}.Release|Any CPU.Build.0 = Release|Any CPU
	EndGlobalSection
	GlobalSection(SolutionProperties) = preSolution
		HideSolutionNode = FALSE
	EndGlobalSection
	GlobalSection(ExtensibilityGlobals) = postSolution
		SolutionGuid = {50646855-1F93-4345-8ADF-5F84816C63EE}
	EndGlobalSection
EndGlobal
