
Microsoft Visual Studio Solution File, Format Version 12.00
# Visual Studio Version 17
VisualStudioVersion = 17.8.34316.72
MinimumVisualStudioVersion = 10.0.40219.1
Project("{FAE04EC0-301F-11D3-BF4B-00C04F79EFBC}") = "ameriskur", "ameriskur\ameriskur.csproj", "{69CA7108-6164-435E-9220-1FCD536A5C97}"
EndProject
Global
	GlobalSection(SolutionConfigurationPlatforms) = preSolution
		Debug|Any CPU = Debug|Any CPU
		Release|Any CPU = Release|Any CPU
	EndGlobalSection
	GlobalSection(ProjectConfigurationPlatforms) = postSolution
		{69CA7108-6164-435E-9220-1FCD536A5C97}.Debug|Any CPU.ActiveCfg = Debug|Any CPU
		{69CA7108-6164-435E-9220-1FCD536A5C97}.Debug|Any CPU.Build.0 = Debug|Any CPU
		{69CA7108-6164-435E-9220-1FCD536A5C97}.Release|Any CPU.ActiveCfg = Release|Any CPU
		{69CA7108-6164-435E-9220-1FCD536A5C97}.Release|Any CPU.Build.0 = Release|Any CPU
	EndGlobalSection
	GlobalSection(SolutionProperties) = preSolution
		HideSolutionNode = FALSE
	EndGlobalSection
	GlobalSection(ExtensibilityGlobals) = postSolution
		SolutionGuid = {9B7D9761-A0F0-4CD5-A564-C96010069D91}
	EndGlobalSection
EndGlobal
