
Microsoft Visual Studio Solution File, Format Version 12.00
# Visual Studio Version 17
VisualStudioVersion = 17.9.34622.214
MinimumVisualStudioVersion = 10.0.40219.1
Project("{FAE04EC0-301F-11D3-BF4B-00C04F79EFBC}") = "videospeedup", "videospeedup\videospeedup.csproj", "{1FB1F0ED-CC52-464D-B2E0-21D01CC5F7B3}"
EndProject
Global
	GlobalSection(SolutionConfigurationPlatforms) = preSolution
		Debug|Any CPU = Debug|Any CPU
		Release|Any CPU = Release|Any CPU
	EndGlobalSection
	GlobalSection(ProjectConfigurationPlatforms) = postSolution
		{1FB1F0ED-CC52-464D-B2E0-21D01CC5F7B3}.Debug|Any CPU.ActiveCfg = Debug|Any CPU
		{1FB1F0ED-CC52-464D-B2E0-21D01CC5F7B3}.Debug|Any CPU.Build.0 = Debug|Any CPU
		{1FB1F0ED-CC52-464D-B2E0-21D01CC5F7B3}.Release|Any CPU.ActiveCfg = Release|Any CPU
		{1FB1F0ED-CC52-464D-B2E0-21D01CC5F7B3}.Release|Any CPU.Build.0 = Release|Any CPU
	EndGlobalSection
	GlobalSection(SolutionProperties) = preSolution
		HideSolutionNode = FALSE
	EndGlobalSection
	GlobalSection(ExtensibilityGlobals) = postSolution
		SolutionGuid = {56F9FCAF-8D6F-4398-9421-D02B68BA7790}
	EndGlobalSection
EndGlobal
