
Microsoft Visual Studio Solution File, Format Version 12.00
# Visual Studio Version 17
VisualStudioVersion = 17.9.34622.214
MinimumVisualStudioVersion = 10.0.40219.1
Project("{FAE04EC0-301F-11D3-BF4B-00C04F79EFBC}") = "jackolanternjuxtaposition", "jackolanternjuxtaposition\jackolanternjuxtaposition.csproj", "{AE67D28D-A750-44D3-97FE-A9BA6AAB58BA}"
EndProject
Global
	GlobalSection(SolutionConfigurationPlatforms) = preSolution
		Debug|Any CPU = Debug|Any CPU
		Release|Any CPU = Release|Any CPU
	EndGlobalSection
	GlobalSection(ProjectConfigurationPlatforms) = postSolution
		{AE67D28D-A750-44D3-97FE-A9BA6AAB58BA}.Debug|Any CPU.ActiveCfg = Debug|Any CPU
		{AE67D28D-A750-44D3-97FE-A9BA6AAB58BA}.Debug|Any CPU.Build.0 = Debug|Any CPU
		{AE67D28D-A750-44D3-97FE-A9BA6AAB58BA}.Release|Any CPU.ActiveCfg = Release|Any CPU
		{AE67D28D-A750-44D3-97FE-A9BA6AAB58BA}.Release|Any CPU.Build.0 = Release|Any CPU
	EndGlobalSection
	GlobalSection(SolutionProperties) = preSolution
		HideSolutionNode = FALSE
	EndGlobalSection
	GlobalSection(ExtensibilityGlobals) = postSolution
		SolutionGuid = {44499FC8-B7F5-4AFC-A605-490FF6A40CDF}
	EndGlobalSection
EndGlobal
